{
  "nodes": {
    "flake-utils": {
      "inputs": {
        "systems": "systems"
      },
      "locked": {
        "lastModified": 1731533236,
        "narHash": "sha256-l0KFg5HjrsfsO/JpG+r7fRrqm12kzFHyUHqHCVpMMbI=",
        "owner": "numtide",
        "repo": "flake-utils",
        "rev": "11707dc2f618dd54ca8739b309ec4fc024de578b",
        "type": "github"
      },
      "original": {
        "owner": "numtide",
        "repo": "flake-utils",
        "type": "github"
      }
    },
    "home-manager": {
      "inputs": {
        "nixpkgs": [
          "nixpkgs"
        ]
      },
      "locked": {
        "lastModified": 1775104157,
        "narHash": "sha256-rm/7k0D2J9SP30pyZ2C1HqarDncZDN6KAUI0gzgg4TA=",
        "owner": "nix-community",
        "repo": "home-manager",
        "rev": "41e6e2ab37763c09db4e639033392cf40900440a",
        "type": "github"
      },
      "original": {
        "owner": "nix-community",
        "repo": "home-manager",
        "type": "github"
      }
    },
    "ink-and-frost-vscode": {
      "inputs": {
        "nixpkgs": "nixpkgs"
      },
      "locked": {
        "lastModified": 1773302226,
        "narHash": "sha256-bLU7Ac/z++nQutB0kZsmrJsycMC93Yj2b8g5TABMlsA=",
        "owner": "yutadev31",
        "repo": "ink-and-frost-vscode",
        "rev": "d6d8fba4efd15b0e4d0e2dc8994217d07757c2ac",
        "type": "github"
      },
      "original": {
        "owner": "yutadev31",
        "repo": "ink-and-frost-vscode",
        "type": "github"
      }
    },
    "nixpkgs": {
      "locked": {
        "lastModified": 1775115044,
        "narHash": "sha256-e50BxV2uT7FF+Xl/UICqdS/YT6xNXb4o0VivilFfppI=",
        "owner": "NixOS",
        "repo": "nixpkgs",
        "rev": "26053f55451f13564a859637f08ec18fc6954ae3",
        "type": "github"
      },
      "original": {
        "owner": "NixOS",
        "repo": "nixpkgs",
        "type": "github"
      }
    },
    "nixpkgs_2": {
      "locked": {
        "lastModified": 1775036866,
        "narHash": "sha256-ZojAnPuCdy657PbTq5V0Y+AHKhZAIwSIT2cb8UgAz/U=",
        "owner": "NixOS",
        "repo": "nixpkgs",
        "rev": "6201e203d09599479a3b3450ed24fa81537ebc4e",
        "type": "github"
      },
      "original": {
        "owner": "NixOS",
        "ref": "nixos-unstable",
        "repo": "nixpkgs",
        "type": "github"
      }
    },
    "root": {
      "inputs": {
        "flake-utils": "flake-utils",
        "home-manager": "home-manager",
        "ink-and-frost-vscode": "ink-and-frost-vscode",
        "nixpkgs": "nixpkgs_2",
        "rust-overlay": "rust-overlay"
      }
    },
    "rust-overlay": {
      "inputs": {
        "nixpkgs": [
          "nixpkgs"
        ]
      },
      "locked": {
        "lastModified": 1775099554,
        "narHash": "sha256-3xBsGnGDLOFtnPZ1D3j2LU19wpAlYefRKTlkv648rU0=",
        "owner": "oxalica",
        "repo": "rust-overlay",
        "rev": "8d6387ed6d8e6e6672fd3ed4b61b59d44b124d99",
        "type": "github"
      },
      "original": {
        "owner": "oxalica",
        "repo": "rust-overlay",
        "type": "github"
      }
    },
    "systems": {
      "locked": {
        "lastModified": 1681028828,
        "narHash": "sha256-Vy1rq5AaRuLzOxct8nz4T6wlgyUR7zLU309k9mBC768=",
        "owner": "nix-systems",
        "repo": "default",
        "rev": "da67096a3b9bf56a91d16901293e51ba5b49a27e",
        "type": "github"
      },
      "original": {
        "owner": "nix-systems",
        "repo": "default",
        "type": "github"
      }
    }
  },
  "root": "root",
  "version": 7
}
